
Microsoft Visual Studio Solution File, Format Version 12.00
# Visual Studio Version 16
VisualStudioVersion = 16.0.31829.152
MinimumVisualStudioVersion = 10.0.40219.1
Project("{FAE04EC0-301F-11D3-BF4B-00C04F79EFBC}") = "KataCitySearch", "KataCitySearch\KataCitySearch.csproj", "{0860A4D1-EAF1-4DB4-8E76-A75C7715896A}"
EndProject
Project("{FAE04EC0-301F-11D3-BF4B-00C04F79EFBC}") = "KataCitySearchTest", "KataCitySearchTest\KataCitySearchTest.csproj", "{B3824A00-A5A0-4635-A65D-0675C932EAD6}"
EndProject
Global
	GlobalSection(SolutionConfigurationPlatforms) = preSolution
		Debug|Any CPU = Debug|Any CPU
		Release|Any CPU = Release|Any CPU
	EndGlobalSection
	GlobalSection(ProjectConfigurationPlatforms) = postSolution
		{0860A4D1-EAF1-4DB4-8E76-A75C7715896A}.Debug|Any CPU.ActiveCfg = Debug|Any CPU
		{0860A4D1-EAF1-4DB4-8E76-A75C7715896A}.Debug|Any CPU.Build.0 = Debug|Any CPU
		{0860A4D1-EAF1-4DB4-8E76-A75C7715896A}.Release|Any CPU.ActiveCfg = Release|Any CPU
		{0860A4D1-EAF1-4DB4-8E76-A75C7715896A}.Release|Any CPU.Build.0 = Release|Any CPU
		{B3824A00-A5A0-4635-A65D-0675C932EAD6}.Debug|Any CPU.ActiveCfg = Debug|Any CPU
		{B3824A00-A5A0-4635-A65D-0675C932EAD6}.Debug|Any CPU.Build.0 = Debug|Any CPU
		{B3824A00-A5A0-4635-A65D-0675C932EAD6}.Release|Any CPU.ActiveCfg = Release|Any CPU
		{B3824A00-A5A0-4635-A65D-0675C932EAD6}.Release|Any CPU.Build.0 = Release|Any CPU
	EndGlobalSection
	GlobalSection(SolutionProperties) = preSolution
		HideSolutionNode = FALSE
	EndGlobalSection
	GlobalSection(ExtensibilityGlobals) = postSolution
		SolutionGuid = {A47B484F-4B78-4375-8C7C-1F3A187089F8}
	EndGlobalSection
EndGlobal
